
Microsoft Visual Studio Solution File, Format Version 12.00
# Visual Studio Version 16
VisualStudioVersion = 16.0.29509.3
MinimumVisualStudioVersion = 10.0.40219.1
Project("{FAE04EC0-301F-11D3-BF4B-00C04F79EFBC}") = "FileRenamer", "FileRenamer\FileRenamer.csproj", "{D0A8784D-52D9-42E6-BA09-C895A5ECA85E}"
EndProject
Global
	GlobalSection(SolutionConfigurationPlatforms) = preSolution
		Debug|Any CPU = Debug|Any CPU
		Release|Any CPU = Release|Any CPU
	EndGlobalSection
	GlobalSection(ProjectConfigurationPlatforms) = postSolution
		{D0A8784D-52D9-42E6-BA09-C895A5ECA85E}.Debug|Any CPU.ActiveCfg = Debug|Any CPU
		{D0A8784D-52D9-42E6-BA09-C895A5ECA85E}.Debug|Any CPU.Build.0 = Debug|Any CPU
		{D0A8784D-52D9-42E6-BA09-C895A5ECA85E}.Release|Any CPU.ActiveCfg = Release|Any CPU
		{D0A8784D-52D9-42E6-BA09-C895A5ECA85E}.Release|Any CPU.Build.0 = Release|Any CPU
	EndGlobalSection
	GlobalSection(SolutionProperties) = preSolution
		HideSolutionNode = FALSE
	EndGlobalSection
	GlobalSection(ExtensibilityGlobals) = postSolution
		SolutionGuid = {54026C83-EEE6-4833-9086-CBB57878AB47}
	EndGlobalSection
EndGlobal
